// !$*UTF8*$!
{
	archiveVersion = 1;
	classes = {
	};
	objectVersion = 46;
	objects = {

/* Begin PBXBuildFile section */
		AD0917591CC4FAD70058E92D /* AppDelegate.swift in Sources */ = {isa = PBXBuildFile; fileRef = AD0917581CC4FAD70058E92D /* AppDelegate.swift */; };
		AD09175B1CC4FAD70058E92D /* MasterViewController.swift in Sources */ = {isa = PBXBuildFile; fileRef = AD09175A1CC4FAD70058E92D /* MasterViewController.swift */; };
		AD09175D1CC4FAD70058E92D /* DetailViewController.swift in Sources */ = {isa = PBXBuildFile; fileRef = AD09175C1CC4FAD70058E92D /* DetailViewController.swift */; };
		AD0917601CC4FAD70058E92D /* Main.storyboard in Resources */ = {isa = PBXBuildFile; fileRef = AD09175E1CC4FAD70058E92D /* Main.storyboard */; };
		AD0917621CC4FAD70058E92D /* Assets.xcassets in Resources */ = {isa = PBXBuildFile; fileRef = AD0917611CC4FAD70058E92D /* Assets.xcassets */; };
		AD0917651CC4FAD70058E92D /* LaunchScreen.storyboard in Resources */ = {isa = PBXBuildFile; fileRef = AD0917631CC4FAD70058E92D /* LaunchScreen.storyboard */; };
/* End PBXBuildFile section */

/* Begin PBXFileReference section */
		AD0917551CC4FAD70058E92D /* TestParent.app */ = {isa = PBXFileReference; explicitFileType = wrapper.application; includeInIndex = 0; path = TestParent.app; sourceTree = BUILT_PRODUCTS_DIR; };
		AD0917581CC4FAD70058E92D /* AppDelegate.swift */ = {isa = PBXFileReference; lastKnownFileType = sourcecode.swift; path = AppDelegate.swift; sourceTree = "<group>"; };
		AD09175A1CC4FAD70058E92D /* MasterViewController.swift */ = {isa = PBXFileReference; lastKnownFileType = sourcecode.swift; path = MasterViewController.swift; sourceTree = "<group>"; };
		AD09175C1CC4FAD70058E92D /* DetailViewController.swift */ = {isa = PBXFileReference; lastKnownFileType = sourcecode.swift; path = DetailViewController.swift; sourceTree = "<group>"; };
		AD09175F1CC4FAD70058E92D /* Base */ = {isa = PBXFileReference; lastKnownFileType = file.storyboard; name = Base; path = Base.lproj/Main.storyboard; sourceTree = "<group>"; };
		AD0917611CC4FAD70058E92D /* Assets.xcassets */ = {isa = PBXFileReference; lastKnownFileType = folder.assetcatalog; path = Assets.xcassets; sourceTree = "<group>"; };
		AD0917641CC4FAD70058E92D /* Base */ = {isa = PBXFileReference; lastKnownFileType = file.storyboard; name = Base; path = Base.lproj/LaunchScreen.storyboard; sourceTree = "<group>"; };
		AD0917661CC4FAD70058E92D /* Info.plist */ = {isa = PBXFileReference; lastKnownFileType = text.plist.xml; path = Info.plist; sourceTree = "<group>"; };
/* End PBXFileReference section */

/* Begin PBXFrameworksBuildPhase section */
		AD0917521CC4FAD70058E92D /* Frameworks */ = {
			isa = PBXFrameworksBuildPhase;
			buildActionMask = 2147483647;
			files = (
			);
			runOnlyForDeploymentPostprocessing = 0;
		};
/* End PBXFrameworksBuildPhase section */

/* Begin PBXGroup section */
		AD09174C1CC4FAD70058E92D = {
			isa = PBXGroup;
			children = (
				AD0917571CC4FAD70058E92D /* TestParent */,
				AD0917561CC4FAD70058E92D /* Products */,
			);
			sourceTree = "<group>";
		};
		AD0917561CC4FAD70058E92D /* Products */ = {
			isa = PBXGroup;
			children = (
				AD0917551CC4FAD70058E92D /* TestParent.app */,
			);
			name = Products;
			sourceTree = "<group>";
		};
		AD0917571CC4FAD70058E92D /* TestParent */ = {
			isa = PBXGroup;
			children = (
				AD0917581CC4FAD70058E92D /* AppDelegate.swift */,
				AD09175A1CC4FAD70058E92D /* MasterViewController.swift */,
				AD09175C1CC4FAD70058E92D /* DetailViewController.swift */,
				AD09175E1CC4FAD70058E92D /* Main.storyboard */,
				AD0917611CC4FAD70058E92D /* Assets.xcassets */,
				AD0917631CC4FAD70058E92D /* LaunchScreen.storyboard */,
				AD0917661CC4FAD70058E92D /* Info.plist */,
			);
			path = TestParent;
			sourceTree = "<group>";
		};
/* End PBXGroup section */

/* Begin PBXNativeTarget section */
		AD0917541CC4FAD70058E92D /* TestParent */ = {
			isa = PBXNativeTarget;
			buildConfigurationList = AD0917691CC4FAD70058E92D /* Build configuration list for PBXNativeTarget "TestParent" */;
			buildPhases = (
				AD0917511CC4FAD70058E92D /* Sources */,
				AD0917521CC4FAD70058E92D /* Frameworks */,
				AD0917531CC4FAD70058E92D /* Resources */,
			);
			buildRules = (
			);
			dependencies = (
			);
			name = TestParent;
			productName = TestParent;
			productReference = AD0917551CC4FAD70058E92D /* TestParent.app */;
			productType = "com.apple.product-type.application";
		};
/* End PBXNativeTarget section */

/* Begin PBXProject section */
		AD09174D1CC4FAD70058E92D /* Project object */ = {
			isa = PBXProject;
			attributes = {
				LastSwiftUpdateCheck = 0730;
				LastUpgradeCheck = 0730;
				ORGANIZATIONNAME = test;
				TargetAttributes = {
					AD0917541CC4FAD70058E92D = {
						CreatedOnToolsVersion = 7.3;
						DevelopmentTeam = LX4FZF2897;
					};
				};
			};
			buildConfigurationList = AD0917501CC4FAD70058E92D /* Build configuration list for PBXProject "TestParent" */;
			compatibilityVersion = "Xcode 3.2";
			developmentRegion = English;
			hasScannedForEncodings = 0;
			knownRegions = (
				en,
				Base,
			);
			mainGroup = AD09174C1CC4FAD70058E92D;
			productRefGroup = AD0917561CC4FAD70058E92D /* Products */;
			projectDirPath = "";
			projectRoot = "";
			targets = (
				AD0917541CC4FAD70058E92D /* TestParent */,
			);
		};
/* End PBXProject section */

/* Begin PBXResourcesBuildPhase section */
		AD0917531CC4FAD70058E92D /* Resources */ = {
			isa = PBXResourcesBuildPhase;
			buildActionMask = 2147483647;
			files = (
				AD0917651CC4FAD70058E92D /* LaunchScreen.storyboard in Resources */,
				AD0917621CC4FAD70058E92D /* Assets.xcassets in Resources */,
				AD0917601CC4FAD70058E92D /* Main.storyboard in Resources */,
			);
			runOnlyForDeploymentPostprocessing = 0;
		};
/* End PBXResourcesBuildPhase section */

/* Begin PBXSourcesBuildPhase section */
		AD0917511CC4FAD70058E92D /* Sources */ = {
			isa = PBXSourcesBuildPhase;
			buildActionMask = 2147483647;
			files = (
				AD09175D1CC4FAD70058E92D /* DetailViewController.swift in Sources */,
				AD09175B1CC4FAD70058E92D /* MasterViewController.swift in Sources */,
				AD0917591CC4FAD70058E92D /* AppDelegate.swift in Sources */,
			);
			runOnlyForDeploymentPostprocessing = 0;
		};
/* End PBXSourcesBuildPhase section */

/* Begin PBXVariantGroup section */
		AD09175E1CC4FAD70058E92D /* Main.storyboard */ = {
			isa = PBXVariantGroup;
			children = (
				AD09175F1CC4FAD70058E92D /* Base */,
			);
			name = Main.storyboard;
			sourceTree = "<group>";
		};
		AD0917631CC4FAD70058E92D /* LaunchScreen.storyboard */ = {
			isa = PBXVariantGroup;
			children = (
				AD0917641CC4FAD70058E92D /* Base */,
			);
			name = LaunchScreen.storyboard;
			sourceTree = "<group>";
		};
/* End PBXVariantGroup section */

/* Begin XCBuildConfiguration section */
		AD0917671CC4FAD70058E92D /* Debug */ = {
			isa = XCBuildConfiguration;
			buildSettings = {
				ALWAYS_SEARCH_USER_PATHS = NO;
				CLANG_ANALYZER_NONNULL = YES;
				CLANG_CXX_LANGUAGE_STANDARD = "gnu++0x";
				CLANG_CXX_LIBRARY = "libc++";
				CLANG_ENABLE_MODULES = YES;
				CLANG_ENABLE_OBJC_ARC = YES;
				CLANG_WARN_BOOL_CONVERSION = YES;
				CLANG_WARN_CONSTANT_CONVERSION = YES;
				CLANG_WARN_DIRECT_OBJC_ISA_USAGE = YES_ERROR;
				CLANG_WARN_EMPTY_BODY = YES;
				CLANG_WARN_ENUM_CONVERSION = YES;
				CLANG_WARN_INT_CONVERSION = YES;
				CLANG_WARN_OBJC_ROOT_CLASS = YES_ERROR;
				CLANG_WARN_UNREACHABLE_CODE = YES;
				CLANG_WARN__DUPLICATE_METHOD_MATCH = YES;
				"CODE_SIGN_IDENTITY[sdk=iphoneos*]" = "iPhone Developer";
				COPY_PHASE_STRIP = NO;
				DEBUG_INFORMATION_FORMAT = dwarf;
				ENABLE_STRICT_OBJC_MSGSEND = YES;
				ENABLE_TESTABILITY = YES;
				GCC_C_LANGUAGE_STANDARD = gnu99;
				GCC_DYNAMIC_NO_PIC = NO;
				GCC_NO_COMMON_BLOCKS = YES;
				GCC_OPTIMIZATION_LEVEL = 0;
				GCC_PREPROCESSOR_DEFINITIONS = (
					"DEBUG=1",
					"$(inherited)",
				);
				GCC_WARN_64_TO_32_BIT_CONVERSION = YES;
				GCC_WARN_ABOUT_RETURN_TYPE = YES_ERROR;
				GCC_WARN_UNDECLARED_SELECTOR = YES;
				GCC_WARN_UNINITIALIZED_AUTOS = YES_AGGRESSIVE;
				GCC_WARN_UNUSED_FUNCTION = YES;
				GCC_WARN_UNUSED_VARIABLE = YES;
				IPHONEOS_DEPLOYMENT_TARGET = 9.3;
				MTL_ENABLE_DEBUG_INFO = YES;
				ONLY_ACTIVE_ARCH = YES;
				SDKROOT = iphoneos;
				SWIFT_OPTIMIZATION_LEVEL = "-Onone";
				TARGETED_DEVICE_FAMILY = "1,2";
			};
			name = Debug;
		};
		AD0917681CC4FAD70058E92D /* Release */ = {
			isa = XCBuildConfiguration;
			buildSettings = {
				ALWAYS_SEARCH_USER_PATHS = NO;
				CLANG_ANALYZER_NONNULL = YES;
				CLANG_CXX_LANGUAGE_STANDARD = "gnu++0x";
				CLANG_CXX_LIBRARY = "libc++";
				CLANG_ENABLE_MODULES = YES;
				CLANG_ENABLE_OBJC_ARC = YES;
				CLANG_WARN_BOOL_CONVERSION = YES;
				CLANG_WARN_CONSTANT_CONVERSION = YES;
				CLANG_WARN_DIRECT_OBJC_ISA_USAGE = YES_ERROR;
				CLANG_WARN_EMPTY_BODY = YES;
				CLANG_WARN_ENUM_CONVERSION = YES;
				CLANG_WARN_INT_CONVERSION = YES;
				CLANG_WARN_OBJC_ROOT_CLASS = YES_ERROR;
				CLANG_WARN_UNREACHABLE_CODE = YES;
				CLANG_WARN__DUPLICATE_METHOD_MATCH = YES;
				"CODE_SIGN_IDENTITY[sdk=iphoneos*]" = "iPhone Developer";
				COPY_PHASE_STRIP = NO;
				DEBUG_INFORMATION_FORMAT = "dwarf-with-dsym";
				ENABLE_NS_ASSERTIONS = NO;
				ENABLE_STRICT_OBJC_MSGSEND = YES;
				GCC_C_LANGUAGE_STANDARD = gnu99;
				GCC_NO_COMMON_BLOCKS = YES;
				GCC_WARN_64_TO_32_BIT_CONVERSION = YES;
				GCC_WARN_ABOUT_RETURN_TYPE = YES_ERROR;
				GCC_WARN_UNDECLARED_SELECTOR = YES;
				GCC_WARN_UNINITIALIZED_AUTOS = YES_AGGRESSIVE;
				GCC_WARN_UNUSED_FUNCTION = YES;
				GCC_WARN_UNUSED_VARIABLE = YES;
				IPHONEOS_DEPLOYMENT_TARGET = 9.3;
				MTL_ENABLE_DEBUG_INFO = NO;
				SDKROOT = iphoneos;
				TARGETED_DEVICE_FAMILY = "1,2";
				VALIDATE_PRODUCT = YES;
			};
			name = Release;
		};
		AD09176A1CC4FAD70058E92D /* Debug */ = {
			isa = XCBuildConfiguration;
			buildSettings = {
				ASSETCATALOG_COMPILER_APPICON_NAME = AppIcon;
				CODE_SIGN_IDENTITY = "iPhone Developer";
				"CODE_SIGN_IDENTITY[sdk=iphoneos*]" = "iPhone Developer";
				INFOPLIST_FILE = TestParent/Info.plist;
				LD_RUNPATH_SEARCH_PATHS = "$(inherited) @executable_path/Frameworks";
				PRODUCT_BUNDLE_IDENTIFIER = com.prytkov.sergej.TestParent;
				PRODUCT_NAME = "$(TARGET_NAME)";
				PROVISIONING_PROFILE = "";
			};
			name = Debug;
		};
		AD09176B1CC4FAD70058E92D /* Release */ = {
			isa = XCBuildConfiguration;
			buildSettings = {
				ASSETCATALOG_COMPILER_APPICON_NAME = AppIcon;
				CODE_SIGN_IDENTITY = "iPhone Developer";
				"CODE_SIGN_IDENTITY[sdk=iphoneos*]" = "iPhone Developer";
				INFOPLIST_FILE = TestParent/Info.plist;
				LD_RUNPATH_SEARCH_PATHS = "$(inherited) @executable_path/Frameworks";
				PRODUCT_BUNDLE_IDENTIFIER = com.prytkov.sergej.TestParent;
				PRODUCT_NAME = "$(TARGET_NAME)";
				PROVISIONING_PROFILE = "";
			};
			name = Release;
		};
/* End XCBuildConfiguration section */

/* Begin XCConfigurationList section */
		AD0917501CC4FAD70058E92D /* Build configuration list for PBXProject "TestParent" */ = {
			isa = XCConfigurationList;
			buildConfigurations = (
				AD0917671CC4FAD70058E92D /* Debug */,
				AD0917681CC4FAD70058E92D /* Release */,
			);
			defaultConfigurationIsVisible = 0;
			defaultConfigurationName = Release;
		};
		AD0917691CC4FAD70058E92D /* Build configuration list for PBXNativeTarget "TestParent" */ = {
			isa = XCConfigurationList;
			buildConfigurations = (
				AD09176A1CC4FAD70058E92D /* Debug */,
				AD09176B1CC4FAD70058E92D /* Release */,
			);
			defaultConfigurationIsVisible = 0;
		};
/* End XCConfigurationList section */
	};
	rootObject = AD09174D1CC4FAD70058E92D /* Project object */;
}
